
Microsoft Visual Studio Solution File, Format Version 12.00
# Visual Studio Version 17
VisualStudioVersion = 17.14.36811.4
MinimumVisualStudioVersion = 10.0.40219.1
Project("{FAE04EC0-301F-11D3-BF4B-00C04F79EFBC}") = "Sales_System", "Sales_System\Sales_System.csproj", "{60A7353F-76E5-4B21-857C-DBF5CA897481}"
EndProject
Project("{00D1A9C2-B5F0-4AF3-8072-F6C62B433612}") = "SQL_Database", "SQL_Database\SQL_Database.sqlproj", "{DC2AAD5D-4170-403D-AD6A-B9FA04C44E6C}"
EndProject
Global
	GlobalSection(SolutionConfigurationPlatforms) = preSolution
		Debug|Any CPU = Debug|Any CPU
		Release|Any CPU = Release|Any CPU
	EndGlobalSection
	GlobalSection(ProjectConfigurationPlatforms) = postSolution
		{60A7353F-76E5-4B21-857C-DBF5CA897481}.Debug|Any CPU.ActiveCfg = Debug|Any CPU
		{60A7353F-76E5-4B21-857C-DBF5CA897481}.Debug|Any CPU.Build.0 = Debug|Any CPU
		{60A7353F-76E5-4B21-857C-DBF5CA897481}.Release|Any CPU.ActiveCfg = Release|Any CPU
		{60A7353F-76E5-4B21-857C-DBF5CA897481}.Release|Any CPU.Build.0 = Release|Any CPU
		{DC2AAD5D-4170-403D-AD6A-B9FA04C44E6C}.Debug|Any CPU.ActiveCfg = Debug|Any CPU
		{DC2AAD5D-4170-403D-AD6A-B9FA04C44E6C}.Debug|Any CPU.Build.0 = Debug|Any CPU
		{DC2AAD5D-4170-403D-AD6A-B9FA04C44E6C}.Debug|Any CPU.Deploy.0 = Debug|Any CPU
		{DC2AAD5D-4170-403D-AD6A-B9FA04C44E6C}.Release|Any CPU.ActiveCfg = Release|Any CPU
		{DC2AAD5D-4170-403D-AD6A-B9FA04C44E6C}.Release|Any CPU.Build.0 = Release|Any CPU
		{DC2AAD5D-4170-403D-AD6A-B9FA04C44E6C}.Release|Any CPU.Deploy.0 = Release|Any CPU
	EndGlobalSection
	GlobalSection(SolutionProperties) = preSolution
		HideSolutionNode = FALSE
	EndGlobalSection
	GlobalSection(ExtensibilityGlobals) = postSolution
		SolutionGuid = {880A5595-CFE7-4C31-BF04-059E4DEF67CF}
	EndGlobalSection
EndGlobal
