
Microsoft Visual Studio Solution File, Format Version 12.00
# Visual Studio Version 17
VisualStudioVersion = 17.14.36811.4
MinimumVisualStudioVersion = 10.0.40219.1
Project("{FAE04EC0-301F-11D3-BF4B-00C04F79EFBC}") = "Sales_System", "Sales_System\Sales_System.csproj", "{60A7353F-76E5-4B21-857C-DBF5CA897481}"
EndProject
Project("{00D1A9C2-B5F0-4AF3-8072-F6C62B433612}") = "SalesSystem_DB", "SalesSystem_DB\SalesSystem_DB.sqlproj", "{D0F2B4BC-EB46-475F-B40F-74B5005BF9E1}"
EndProject
Global
	GlobalSection(SolutionConfigurationPlatforms) = preSolution
		Debug|Any CPU = Debug|Any CPU
		Release|Any CPU = Release|Any CPU
	EndGlobalSection
	GlobalSection(ProjectConfigurationPlatforms) = postSolution
		{60A7353F-76E5-4B21-857C-DBF5CA897481}.Debug|Any CPU.ActiveCfg = Debug|Any CPU
		{60A7353F-76E5-4B21-857C-DBF5CA897481}.Debug|Any CPU.Build.0 = Debug|Any CPU
		{60A7353F-76E5-4B21-857C-DBF5CA897481}.Release|Any CPU.ActiveCfg = Release|Any CPU
		{60A7353F-76E5-4B21-857C-DBF5CA897481}.Release|Any CPU.Build.0 = Release|Any CPU
		{D0F2B4BC-EB46-475F-B40F-74B5005BF9E1}.Debug|Any CPU.ActiveCfg = Debug|Any CPU
		{D0F2B4BC-EB46-475F-B40F-74B5005BF9E1}.Debug|Any CPU.Build.0 = Debug|Any CPU
		{D0F2B4BC-EB46-475F-B40F-74B5005BF9E1}.Debug|Any CPU.Deploy.0 = Debug|Any CPU
		{D0F2B4BC-EB46-475F-B40F-74B5005BF9E1}.Release|Any CPU.ActiveCfg = Release|Any CPU
		{D0F2B4BC-EB46-475F-B40F-74B5005BF9E1}.Release|Any CPU.Build.0 = Release|Any CPU
		{D0F2B4BC-EB46-475F-B40F-74B5005BF9E1}.Release|Any CPU.Deploy.0 = Release|Any CPU
	EndGlobalSection
	GlobalSection(SolutionProperties) = preSolution
		HideSolutionNode = FALSE
	EndGlobalSection
	GlobalSection(ExtensibilityGlobals) = postSolution
		SolutionGuid = {880A5595-CFE7-4C31-BF04-059E4DEF67CF}
	EndGlobalSection
EndGlobal
